
Microsoft Visual Studio Solution File, Format Version 12.00
Project("{FAE04EC0-301F-11D3-BF4B-00C04F79EFBC}") = "EnvConfig", "EnvConfig\EnvConfig.csproj", "{B18D0059-D298-45D2-B3F2-BBE9BCC43B8B}"
EndProject
Project("{FAE04EC0-301F-11D3-BF4B-00C04F79EFBC}") = "Test", "Test\Test.csproj", "{8A2B1414-7165-4AEB-8ED9-7CA0D1C1D999}"
EndProject
Global
	GlobalSection(SolutionConfigurationPlatforms) = preSolution
		Debug|Any CPU = Debug|Any CPU
		Release|Any CPU = Release|Any CPU
	EndGlobalSection
	GlobalSection(ProjectConfigurationPlatforms) = postSolution
		{B18D0059-D298-45D2-B3F2-BBE9BCC43B8B}.Debug|Any CPU.ActiveCfg = Debug|Any CPU
		{B18D0059-D298-45D2-B3F2-BBE9BCC43B8B}.Debug|Any CPU.Build.0 = Debug|Any CPU
		{B18D0059-D298-45D2-B3F2-BBE9BCC43B8B}.Release|Any CPU.ActiveCfg = Release|Any CPU
		{B18D0059-D298-45D2-B3F2-BBE9BCC43B8B}.Release|Any CPU.Build.0 = Release|Any CPU
		{8A2B1414-7165-4AEB-8ED9-7CA0D1C1D999}.Debug|Any CPU.ActiveCfg = Debug|Any CPU
		{8A2B1414-7165-4AEB-8ED9-7CA0D1C1D999}.Debug|Any CPU.Build.0 = Debug|Any CPU
		{8A2B1414-7165-4AEB-8ED9-7CA0D1C1D999}.Release|Any CPU.ActiveCfg = Release|Any CPU
		{8A2B1414-7165-4AEB-8ED9-7CA0D1C1D999}.Release|Any CPU.Build.0 = Release|Any CPU
	EndGlobalSection
EndGlobal
